
Microsoft Visual Studio Solution File, Format Version 12.00
# Visual Studio 15
VisualStudioVersion = 15.0.28307.136
MinimumVisualStudioVersion = 10.0.40219.1
Project("{FAE04EC0-301F-11D3-BF4B-00C04F79EFBC}") = "WpfApp1", "WpfApp1\WpfApp1.csproj", "{72CCDF53-4FB0-487B-B3E1-238F74BE716E}"
EndProject
Project("{2150E333-8FDC-42A3-9474-1A3956D46DE8}") = "Solution Items", "Solution Items", "{A0C6F637-207E-413E-964F-DA962162C1A6}"
	ProjectSection(SolutionItems) = preProject
		Icon.ico = Icon.ico
		..\Downloads\saveDuckIntro.png = ..\Downloads\saveDuckIntro.png
		D:\SaveDuckIntro0.png = D:\SaveDuckIntro0.png
		D:\SaveDuckIntro1.png = D:\SaveDuckIntro1.png
		D:\SaveDuckIntro2.png = D:\SaveDuckIntro2.png
		D:\SaveDuckIntro3.png = D:\SaveDuckIntro3.png
	EndProjectSection
EndProject
Global
	GlobalSection(SolutionConfigurationPlatforms) = preSolution
		Debug|Any CPU = Debug|Any CPU
		Release|Any CPU = Release|Any CPU
	EndGlobalSection
	GlobalSection(ProjectConfigurationPlatforms) = postSolution
		{72CCDF53-4FB0-487B-B3E1-238F74BE716E}.Debug|Any CPU.ActiveCfg = Debug|Any CPU
		{72CCDF53-4FB0-487B-B3E1-238F74BE716E}.Debug|Any CPU.Build.0 = Debug|Any CPU
		{72CCDF53-4FB0-487B-B3E1-238F74BE716E}.Release|Any CPU.ActiveCfg = Release|Any CPU
		{72CCDF53-4FB0-487B-B3E1-238F74BE716E}.Release|Any CPU.Build.0 = Release|Any CPU
	EndGlobalSection
	GlobalSection(SolutionProperties) = preSolution
		HideSolutionNode = FALSE
	EndGlobalSection
	GlobalSection(ExtensibilityGlobals) = postSolution
		SolutionGuid = {F0278E63-8528-405E-9700-AB4C8C8D313D}
	EndGlobalSection
EndGlobal
